
Microsoft Visual Studio Solution File, Format Version 12.00
# Visual Studio Version 17
VisualStudioVersion = 17.14.37012.4 d17.14
MinimumVisualStudioVersion = 10.0.40219.1
Project("{FAE04EC0-301F-11D3-BF4B-00C04F79EFBC}") = "BillingSystem.Domain", "BillingSystem.Domain\BillingSystem.Domain.csproj", "{358FA0DF-01BF-4E29-B147-E3D92A73CFAA}"
EndProject
Project("{FAE04EC0-301F-11D3-BF4B-00C04F79EFBC}") = "BillingSystem.Application", "BillingSystem.Application\BillingSystem.Application.csproj", "{3EB58087-6B74-4DDA-AA03-73F1B2D60D88}"
EndProject
Project("{FAE04EC0-301F-11D3-BF4B-00C04F79EFBC}") = "BillingSystem.Infrastructure", "BillingSystem.Infrastructure\BillingSystem.Infrastructure.csproj", "{7BEFDBD7-26DC-4D0D-871D-E5710C479852}"
EndProject
Project("{FAE04EC0-301F-11D3-BF4B-00C04F79EFBC}") = "BillingSystem.API", "BillingSystem.API\BillingSystem.API.csproj", "{3780D37D-1BF0-4F2C-AA9F-0B05C975D50F}"
EndProject
Global
	GlobalSection(SolutionConfigurationPlatforms) = preSolution
		Debug|Any CPU = Debug|Any CPU
		Release|Any CPU = Release|Any CPU
	EndGlobalSection
	GlobalSection(ProjectConfigurationPlatforms) = postSolution
		{358FA0DF-01BF-4E29-B147-E3D92A73CFAA}.Debug|Any CPU.ActiveCfg = Debug|Any CPU
		{358FA0DF-01BF-4E29-B147-E3D92A73CFAA}.Debug|Any CPU.Build.0 = Debug|Any CPU
		{358FA0DF-01BF-4E29-B147-E3D92A73CFAA}.Release|Any CPU.ActiveCfg = Release|Any CPU
		{358FA0DF-01BF-4E29-B147-E3D92A73CFAA}.Release|Any CPU.Build.0 = Release|Any CPU
		{3EB58087-6B74-4DDA-AA03-73F1B2D60D88}.Debug|Any CPU.ActiveCfg = Debug|Any CPU
		{3EB58087-6B74-4DDA-AA03-73F1B2D60D88}.Debug|Any CPU.Build.0 = Debug|Any CPU
		{3EB58087-6B74-4DDA-AA03-73F1B2D60D88}.Release|Any CPU.ActiveCfg = Release|Any CPU
		{3EB58087-6B74-4DDA-AA03-73F1B2D60D88}.Release|Any CPU.Build.0 = Release|Any CPU
		{7BEFDBD7-26DC-4D0D-871D-E5710C479852}.Debug|Any CPU.ActiveCfg = Debug|Any CPU
		{7BEFDBD7-26DC-4D0D-871D-E5710C479852}.Debug|Any CPU.Build.0 = Debug|Any CPU
		{7BEFDBD7-26DC-4D0D-871D-E5710C479852}.Release|Any CPU.ActiveCfg = Release|Any CPU
		{7BEFDBD7-26DC-4D0D-871D-E5710C479852}.Release|Any CPU.Build.0 = Release|Any CPU
		{3780D37D-1BF0-4F2C-AA9F-0B05C975D50F}.Debug|Any CPU.ActiveCfg = Debug|Any CPU
		{3780D37D-1BF0-4F2C-AA9F-0B05C975D50F}.Debug|Any CPU.Build.0 = Debug|Any CPU
		{3780D37D-1BF0-4F2C-AA9F-0B05C975D50F}.Release|Any CPU.ActiveCfg = Release|Any CPU
		{3780D37D-1BF0-4F2C-AA9F-0B05C975D50F}.Release|Any CPU.Build.0 = Release|Any CPU
	EndGlobalSection
	GlobalSection(SolutionProperties) = preSolution
		HideSolutionNode = FALSE
	EndGlobalSection
	GlobalSection(ExtensibilityGlobals) = postSolution
		SolutionGuid = {24B925A7-E003-4B82-BFC7-0AF2F26B1177}
	EndGlobalSection
EndGlobal
